// !$*UTF8*$!
{
	archiveVersion = 1;
	classes = {
	};
	objectVersion = 50;
	objects = {

/* Begin PBXBuildFile section */
		0C124136255AECD8008A51FE /* AppDelegate.swift in Sources */ = {isa = PBXBuildFile; fileRef = 0C124135255AECD8008A51FE /* AppDelegate.swift */; };
		0C124138255AECD8008A51FE /* SceneDelegate.swift in Sources */ = {isa = PBXBuildFile; fileRef = 0C124137255AECD8008A51FE /* SceneDelegate.swift */; };
		0C12413D255AECD8008A51FE /* Main.storyboard in Resources */ = {isa = PBXBuildFile; fileRef = 0C12413B255AECD8008A51FE /* Main.storyboard */; };
		0C124140255AECD8008A51FE /* SimpleMemo.xcdatamodeld in Sources */ = {isa = PBXBuildFile; fileRef = 0C12413E255AECD8008A51FE /* SimpleMemo.xcdatamodeld */; };
		0C124142255AECDE008A51FE /* Assets.xcassets in Resources */ = {isa = PBXBuildFile; fileRef = 0C124141255AECDE008A51FE /* Assets.xcassets */; };
		0C124145255AECDE008A51FE /* LaunchScreen.storyboard in Resources */ = {isa = PBXBuildFile; fileRef = 0C124143255AECDE008A51FE /* LaunchScreen.storyboard */; };
		0C12414E255AF4D1008A51FE /* Model.swift in Sources */ = {isa = PBXBuildFile; fileRef = 0C12414D255AF4D1008A51FE /* Model.swift */; };
		0C124150255B082D008A51FE /* MemoListTableViewController.swift in Sources */ = {isa = PBXBuildFile; fileRef = 0C12414F255B082D008A51FE /* MemoListTableViewController.swift */; };
		0C124152255B23D2008A51FE /* ComposeViewController.swift in Sources */ = {isa = PBXBuildFile; fileRef = 0C124151255B23D2008A51FE /* ComposeViewController.swift */; };
		0C124154255B2839008A51FE /* UIViewController+Alert.swift in Sources */ = {isa = PBXBuildFile; fileRef = 0C124153255B2839008A51FE /* UIViewController+Alert.swift */; };
/* End PBXBuildFile section */

/* Begin PBXFileReference section */
		0C124132255AECD8008A51FE /* SimpleMemo.app */ = {isa = PBXFileReference; explicitFileType = wrapper.application; includeInIndex = 0; path = SimpleMemo.app; sourceTree = BUILT_PRODUCTS_DIR; };
		0C124135255AECD8008A51FE /* AppDelegate.swift */ = {isa = PBXFileReference; lastKnownFileType = sourcecode.swift; path = AppDelegate.swift; sourceTree = "<group>"; };
		0C124137255AECD8008A51FE /* SceneDelegate.swift */ = {isa = PBXFileReference; lastKnownFileType = sourcecode.swift; path = SceneDelegate.swift; sourceTree = "<group>"; };
		0C12413C255AECD8008A51FE /* Base */ = {isa = PBXFileReference; lastKnownFileType = file.storyboard; name = Base; path = Base.lproj/Main.storyboard; sourceTree = "<group>"; };
		0C12413F255AECD8008A51FE /* SimpleMemo.xcdatamodel */ = {isa = PBXFileReference; lastKnownFileType = wrapper.xcdatamodel; path = SimpleMemo.xcdatamodel; sourceTree = "<group>"; };
		0C124141255AECDE008A51FE /* Assets.xcassets */ = {isa = PBXFileReference; lastKnownFileType = folder.assetcatalog; path = Assets.xcassets; sourceTree = "<group>"; };
		0C124144255AECDE008A51FE /* Base */ = {isa = PBXFileReference; lastKnownFileType = file.storyboard; name = Base; path = Base.lproj/LaunchScreen.storyboard; sourceTree = "<group>"; };
		0C124146255AECDE008A51FE /* Info.plist */ = {isa = PBXFileReference; lastKnownFileType = text.plist.xml; path = Info.plist; sourceTree = "<group>"; };
		0C12414D255AF4D1008A51FE /* Model.swift */ = {isa = PBXFileReference; lastKnownFileType = sourcecode.swift; path = Model.swift; sourceTree = "<group>"; };
		0C12414F255B082D008A51FE /* MemoListTableViewController.swift */ = {isa = PBXFileReference; lastKnownFileType = sourcecode.swift; path = MemoListTableViewController.swift; sourceTree = "<group>"; };
		0C124151255B23D2008A51FE /* ComposeViewController.swift */ = {isa = PBXFileReference; lastKnownFileType = sourcecode.swift; path = ComposeViewController.swift; sourceTree = "<group>"; };
		0C124153255B2839008A51FE /* UIViewController+Alert.swift */ = {isa = PBXFileReference; lastKnownFileType = sourcecode.swift; path = "UIViewController+Alert.swift"; sourceTree = "<group>"; };
/* End PBXFileReference section */

/* Begin PBXFrameworksBuildPhase section */
		0C12412F255AECD8008A51FE /* Frameworks */ = {
			isa = PBXFrameworksBuildPhase;
			buildActionMask = 2147483647;
			files = (
			);
			runOnlyForDeploymentPostprocessing = 0;
		};
/* End PBXFrameworksBuildPhase section */

/* Begin PBXGroup section */
		0C124129255AECD7008A51FE = {
			isa = PBXGroup;
			children = (
				0C124134255AECD8008A51FE /* SimpleMemo */,
				0C124133255AECD8008A51FE /* Products */,
			);
			sourceTree = "<group>";
		};
		0C124133255AECD8008A51FE /* Products */ = {
			isa = PBXGroup;
			children = (
				0C124132255AECD8008A51FE /* SimpleMemo.app */,
			);
			name = Products;
			sourceTree = "<group>";
		};
		0C124134255AECD8008A51FE /* SimpleMemo */ = {
			isa = PBXGroup;
			children = (
				0C12414C255AF4B4008A51FE /* Model */,
				0C124135255AECD8008A51FE /* AppDelegate.swift */,
				0C124137255AECD8008A51FE /* SceneDelegate.swift */,
				0C12413B255AECD8008A51FE /* Main.storyboard */,
				0C124141255AECDE008A51FE /* Assets.xcassets */,
				0C124143255AECDE008A51FE /* LaunchScreen.storyboard */,
				0C124146255AECDE008A51FE /* Info.plist */,
				0C12413E255AECD8008A51FE /* SimpleMemo.xcdatamodeld */,
				0C12414F255B082D008A51FE /* MemoListTableViewController.swift */,
				0C124151255B23D2008A51FE /* ComposeViewController.swift */,
				0C124153255B2839008A51FE /* UIViewController+Alert.swift */,
			);
			path = SimpleMemo;
			sourceTree = "<group>";
		};
		0C12414C255AF4B4008A51FE /* Model */ = {
			isa = PBXGroup;
			children = (
				0C12414D255AF4D1008A51FE /* Model.swift */,
			);
			path = Model;
			sourceTree = "<group>";
		};
/* End PBXGroup section */

/* Begin PBXNativeTarget section */
		0C124131255AECD8008A51FE /* SimpleMemo */ = {
			isa = PBXNativeTarget;
			buildConfigurationList = 0C124149255AECDE008A51FE /* Build configuration list for PBXNativeTarget "SimpleMemo" */;
			buildPhases = (
				0C12412E255AECD8008A51FE /* Sources */,
				0C12412F255AECD8008A51FE /* Frameworks */,
				0C124130255AECD8008A51FE /* Resources */,
			);
			buildRules = (
			);
			dependencies = (
			);
			name = SimpleMemo;
			productName = SimpleMemo;
			productReference = 0C124132255AECD8008A51FE /* SimpleMemo.app */;
			productType = "com.apple.product-type.application";
		};
/* End PBXNativeTarget section */

/* Begin PBXProject section */
		0C12412A255AECD7008A51FE /* Project object */ = {
			isa = PBXProject;
			attributes = {
				LastSwiftUpdateCheck = 1120;
				LastUpgradeCheck = 1120;
				ORGANIZATIONNAME = HayoungPark;
				TargetAttributes = {
					0C124131255AECD8008A51FE = {
						CreatedOnToolsVersion = 11.2;
					};
				};
			};
			buildConfigurationList = 0C12412D255AECD7008A51FE /* Build configuration list for PBXProject "SimpleMemo" */;
			compatibilityVersion = "Xcode 9.3";
			developmentRegion = en;
			hasScannedForEncodings = 0;
			knownRegions = (
				en,
				Base,
			);
			mainGroup = 0C124129255AECD7008A51FE;
			productRefGroup = 0C124133255AECD8008A51FE /* Products */;
			projectDirPath = "";
			projectRoot = "";
			targets = (
				0C124131255AECD8008A51FE /* SimpleMemo */,
			);
		};
/* End PBXProject section */

/* Begin PBXResourcesBuildPhase section */
		0C124130255AECD8008A51FE /* Resources */ = {
			isa = PBXResourcesBuildPhase;
			buildActionMask = 2147483647;
			files = (
				0C124145255AECDE008A51FE /* LaunchScreen.storyboard in Resources */,
				0C124142255AECDE008A51FE /* Assets.xcassets in Resources */,
				0C12413D255AECD8008A51FE /* Main.storyboard in Resources */,
			);
			runOnlyForDeploymentPostprocessing = 0;
		};
/* End PBXResourcesBuildPhase section */

/* Begin PBXSourcesBuildPhase section */
		0C12412E255AECD8008A51FE /* Sources */ = {
			isa = PBXSourcesBuildPhase;
			buildActionMask = 2147483647;
			files = (
				0C124136255AECD8008A51FE /* AppDelegate.swift in Sources */,
				0C124138255AECD8008A51FE /* SceneDelegate.swift in Sources */,
				0C124150255B082D008A51FE /* MemoListTableViewController.swift in Sources */,
				0C124152255B23D2008A51FE /* ComposeViewController.swift in Sources */,
				0C124140255AECD8008A51FE /* SimpleMemo.xcdatamodeld in Sources */,
				0C12414E255AF4D1008A51FE /* Model.swift in Sources */,
				0C124154255B2839008A51FE /* UIViewController+Alert.swift in Sources */,
			);
			runOnlyForDeploymentPostprocessing = 0;
		};
/* End PBXSourcesBuildPhase section */

/* Begin PBXVariantGroup section */
		0C12413B255AECD8008A51FE /* Main.storyboard */ = {
			isa = PBXVariantGroup;
			children = (
				0C12413C255AECD8008A51FE /* Base */,
			);
			name = Main.storyboard;
			sourceTree = "<group>";
		};
		0C124143255AECDE008A51FE /* LaunchScreen.storyboard */ = {
			isa = PBXVariantGroup;
			children = (
				0C124144255AECDE008A51FE /* Base */,
			);
			name = LaunchScreen.storyboard;
			sourceTree = "<group>";
		};
/* End PBXVariantGroup section */

/* Begin XCBuildConfiguration section */
		0C124147255AECDE008A51FE /* Debug */ = {
			isa = XCBuildConfiguration;
			buildSettings = {
				ALWAYS_SEARCH_USER_PATHS = NO;
				CLANG_ANALYZER_NONNULL = YES;
				CLANG_ANALYZER_NUMBER_OBJECT_CONVERSION = YES_AGGRESSIVE;
				CLANG_CXX_LANGUAGE_STANDARD = "gnu++14";
				CLANG_CXX_LIBRARY = "libc++";
				CLANG_ENABLE_MODULES = YES;
				CLANG_ENABLE_OBJC_ARC = YES;
				CLANG_ENABLE_OBJC_WEAK = YES;
				CLANG_WARN_BLOCK_CAPTURE_AUTORELEASING = YES;
				CLANG_WARN_BOOL_CONVERSION = YES;
				CLANG_WARN_COMMA = YES;
				CLANG_WARN_CONSTANT_CONVERSION = YES;
				CLANG_WARN_DEPRECATED_OBJC_IMPLEMENTATIONS = YES;
				CLANG_WARN_DIRECT_OBJC_ISA_USAGE = YES_ERROR;
				CLANG_WARN_DOCUMENTATION_COMMENTS = YES;
				CLANG_WARN_EMPTY_BODY = YES;
				CLANG_WARN_ENUM_CONVERSION = YES;
				CLANG_WARN_INFINITE_RECURSION = YES;
				CLANG_WARN_INT_CONVERSION = YES;
				CLANG_WARN_NON_LITERAL_NULL_CONVERSION = YES;
				CLANG_WARN_OBJC_IMPLICIT_RETAIN_SELF = YES;
				CLANG_WARN_OBJC_LITERAL_CONVERSION = YES;
				CLANG_WARN_OBJC_ROOT_CLASS = YES_ERROR;
				CLANG_WARN_RANGE_LOOP_ANALYSIS = YES;
				CLANG_WARN_STRICT_PROTOTYPES = YES;
				CLANG_WARN_SUSPICIOUS_MOVE = YES;
				CLANG_WARN_UNGUARDED_AVAILABILITY = YES_AGGRESSIVE;
				CLANG_WARN_UNREACHABLE_CODE = YES;
				CLANG_WARN__DUPLICATE_METHOD_MATCH = YES;
				COPY_PHASE_STRIP = NO;
				DEBUG_INFORMATION_FORMAT = dwarf;
				ENABLE_STRICT_OBJC_MSGSEND = YES;
				ENABLE_TESTABILITY = YES;
				GCC_C_LANGUAGE_STANDARD = gnu11;
				GCC_DYNAMIC_NO_PIC = NO;
				GCC_NO_COMMON_BLOCKS = YES;
				GCC_OPTIMIZATION_LEVEL = 0;
				GCC_PREPROCESSOR_DEFINITIONS = (
					"DEBUG=1",
					"$(inherited)",
				);
				GCC_WARN_64_TO_32_BIT_CONVERSION = YES;
				GCC_WARN_ABOUT_RETURN_TYPE = YES_ERROR;
				GCC_WARN_UNDECLARED_SELECTOR = YES;
				GCC_WARN_UNINITIALIZED_AUTOS = YES_AGGRESSIVE;
				GCC_WARN_UNUSED_FUNCTION = YES;
				GCC_WARN_UNUSED_VARIABLE = YES;
				IPHONEOS_DEPLOYMENT_TARGET = 13.2;
				MTL_ENABLE_DEBUG_INFO = INCLUDE_SOURCE;
				MTL_FAST_MATH = YES;
				ONLY_ACTIVE_ARCH = YES;
				SDKROOT = iphoneos;
				SWIFT_ACTIVE_COMPILATION_CONDITIONS = DEBUG;
				SWIFT_OPTIMIZATION_LEVEL = "-Onone";
			};
			name = Debug;
		};
		0C124148255AECDE008A51FE /* Release */ = {
			isa = XCBuildConfiguration;
			buildSettings = {
				ALWAYS_SEARCH_USER_PATHS = NO;
				CLANG_ANALYZER_NONNULL = YES;
				CLANG_ANALYZER_NUMBER_OBJECT_CONVERSION = YES_AGGRESSIVE;
				CLANG_CXX_LANGUAGE_STANDARD = "gnu++14";
				CLANG_CXX_LIBRARY = "libc++";
				CLANG_ENABLE_MODULES = YES;
				CLANG_ENABLE_OBJC_ARC = YES;
				CLANG_ENABLE_OBJC_WEAK = YES;
				CLANG_WARN_BLOCK_CAPTURE_AUTORELEASING = YES;
				CLANG_WARN_BOOL_CONVERSION = YES;
				CLANG_WARN_COMMA = YES;
				CLANG_WARN_CONSTANT_CONVERSION = YES;
				CLANG_WARN_DEPRECATED_OBJC_IMPLEMENTATIONS = YES;
				CLANG_WARN_DIRECT_OBJC_ISA_USAGE = YES_ERROR;
				CLANG_WARN_DOCUMENTATION_COMMENTS = YES;
				CLANG_WARN_EMPTY_BODY = YES;
				CLANG_WARN_ENUM_CONVERSION = YES;
				CLANG_WARN_INFINITE_RECURSION = YES;
				CLANG_WARN_INT_CONVERSION = YES;
				CLANG_WARN_NON_LITERAL_NULL_CONVERSION = YES;
				CLANG_WARN_OBJC_IMPLICIT_RETAIN_SELF = YES;
				CLANG_WARN_OBJC_LITERAL_CONVERSION = YES;
				CLANG_WARN_OBJC_ROOT_CLASS = YES_ERROR;
				CLANG_WARN_RANGE_LOOP_ANALYSIS = YES;
				CLANG_WARN_STRICT_PROTOTYPES = YES;
				CLANG_WARN_SUSPICIOUS_MOVE = YES;
				CLANG_WARN_UNGUARDED_AVAILABILITY = YES_AGGRESSIVE;
				CLANG_WARN_UNREACHABLE_CODE = YES;
				CLANG_WARN__DUPLICATE_METHOD_MATCH = YES;
				COPY_PHASE_STRIP = NO;
				DEBUG_INFORMATION_FORMAT = "dwarf-with-dsym";
				ENABLE_NS_ASSERTIONS = NO;
				ENABLE_STRICT_OBJC_MSGSEND = YES;
				GCC_C_LANGUAGE_STANDARD = gnu11;
				GCC_NO_COMMON_BLOCKS = YES;
				GCC_WARN_64_TO_32_BIT_CONVERSION = YES;
				GCC_WARN_ABOUT_RETURN_TYPE = YES_ERROR;
				GCC_WARN_UNDECLARED_SELECTOR = YES;
				GCC_WARN_UNINITIALIZED_AUTOS = YES_AGGRESSIVE;
				GCC_WARN_UNUSED_FUNCTION = YES;
				GCC_WARN_UNUSED_VARIABLE = YES;
				IPHONEOS_DEPLOYMENT_TARGET = 13.2;
				MTL_ENABLE_DEBUG_INFO = NO;
				MTL_FAST_MATH = YES;
				SDKROOT = iphoneos;
				SWIFT_COMPILATION_MODE = wholemodule;
				SWIFT_OPTIMIZATION_LEVEL = "-O";
				VALIDATE_PRODUCT = YES;
			};
			name = Release;
		};
		0C12414A255AECDE008A51FE /* Debug */ = {
			isa = XCBuildConfiguration;
			buildSettings = {
				ASSETCATALOG_COMPILER_APPICON_NAME = AppIcon;
				CODE_SIGN_STYLE = Automatic;
				DEVELOPMENT_TEAM = UM6ZCCNPP2;
				INFOPLIST_FILE = SimpleMemo/Info.plist;
				IPHONEOS_DEPLOYMENT_TARGET = 10.0;
				LD_RUNPATH_SEARCH_PATHS = (
					"$(inherited)",
					"@executable_path/Frameworks",
				);
				PRODUCT_BUNDLE_IDENTIFIER = com.hayoungpark.SimpleMemo;
				PRODUCT_NAME = "$(TARGET_NAME)";
				SWIFT_VERSION = 5.0;
				TARGETED_DEVICE_FAMILY = "1,2";
			};
			name = Debug;
		};
		0C12414B255AECDE008A51FE /* Release */ = {
			isa = XCBuildConfiguration;
			buildSettings = {
				ASSETCATALOG_COMPILER_APPICON_NAME = AppIcon;
				CODE_SIGN_STYLE = Automatic;
				DEVELOPMENT_TEAM = UM6ZCCNPP2;
				INFOPLIST_FILE = SimpleMemo/Info.plist;
				IPHONEOS_DEPLOYMENT_TARGET = 10.0;
				LD_RUNPATH_SEARCH_PATHS = (
					"$(inherited)",
					"@executable_path/Frameworks",
				);
				PRODUCT_BUNDLE_IDENTIFIER = com.hayoungpark.SimpleMemo;
				PRODUCT_NAME = "$(TARGET_NAME)";
				SWIFT_VERSION = 5.0;
				TARGETED_DEVICE_FAMILY = "1,2";
			};
			name = Release;
		};
/* End XCBuildConfiguration section */

/* Begin XCConfigurationList section */
		0C12412D255AECD7008A51FE /* Build configuration list for PBXProject "SimpleMemo" */ = {
			isa = XCConfigurationList;
			buildConfigurations = (
				0C124147255AECDE008A51FE /* Debug */,
				0C124148255AECDE008A51FE /* Release */,
			);
			defaultConfigurationIsVisible = 0;
			defaultConfigurationName = Release;
		};
		0C124149255AECDE008A51FE /* Build configuration list for PBXNativeTarget "SimpleMemo" */ = {
			isa = XCConfigurationList;
			buildConfigurations = (
				0C12414A255AECDE008A51FE /* Debug */,
				0C12414B255AECDE008A51FE /* Release */,
			);
			defaultConfigurationIsVisible = 0;
			defaultConfigurationName = Release;
		};
/* End XCConfigurationList section */

/* Begin XCVersionGroup section */
		0C12413E255AECD8008A51FE /* SimpleMemo.xcdatamodeld */ = {
			isa = XCVersionGroup;
			children = (
				0C12413F255AECD8008A51FE /* SimpleMemo.xcdatamodel */,
			);
			currentVersion = 0C12413F255AECD8008A51FE /* SimpleMemo.xcdatamodel */;
			path = SimpleMemo.xcdatamodeld;
			sourceTree = "<group>";
			versionGroupType = wrapper.xcdatamodel;
		};
/* End XCVersionGroup section */
	};
	rootObject = 0C12412A255AECD7008A51FE /* Project object */;
}
